PODS:
  - Bolts (1.1.3)
  - MightyIO-iOS-Pod (0.14.0):
    - Parse (~> 1.4)
  - Parse (1.5.0):
    - Bolts (~> 1.1.3)

DEPENDENCIES:
  - MightyIO-iOS-Pod (from `../`)

EXTERNAL SOURCES:
  MightyIO-iOS-Pod:
    :path: ../

SPEC CHECKSUMS:
  Bolts: 3db0a875235e0c9042b013af13af0f00f79b102c
  MightyIO-iOS-Pod: 34383ad9d7164d60cd3f3f11c1e1c831f2ec8344
  Parse: 7de25b6f70f0b233e5d25835f62eabfa91e4f9d7

COCOAPODS: 0.35.0
